// !$*UTF8*$!
{
	archiveVersion = 1;
	classes = {
	};
	objectVersion = 46;
	objects = {

/* Begin PBXBuildFile section */
		1C674830B33748A283C237D5 /* libPods-mobilerx.a in Frameworks */ = {isa = PBXBuildFile; fileRef = 8DECC8CE12C8490D82265DAE /* libPods-mobilerx.a */; };
		290A5059A6B548069928B4E9 /* libPods-mobilerxTests.a in Frameworks */ = {isa = PBXBuildFile; fileRef = 2A7AA85E019748528490DA85 /* libPods-mobilerxTests.a */; };
		8F27A08C19D75CDF0044DEDF /* cameraIcon.png in Resources */ = {isa = PBXBuildFile; fileRef = 8F27A08B19D75CDF0044DEDF /* cameraIcon.png */; };
		8F4AEE1219D732E8009BB317 /* welcomeTo.png in Resources */ = {isa = PBXBuildFile; fileRef = 8F4AEE1119D732E8009BB317 /* welcomeTo.png */; };
		8F4AEE1419D7366A009BB317 /* getStarted.png in Resources */ = {isa = PBXBuildFile; fileRef = 8F4AEE1319D7366A009BB317 /* getStarted.png */; };
		8F4AEE1619D74238009BB317 /* ready.png in Resources */ = {isa = PBXBuildFile; fileRef = 8F4AEE1519D74238009BB317 /* ready.png */; };
		8F4AEE1819D74A5E009BB317 /* CameraController.swift in Sources */ = {isa = PBXBuildFile; fileRef = 8F4AEE1719D74A5E009BB317 /* CameraController.swift */; };
		8F9719AA19D72287005ACDFE /* AppDelegate.swift in Sources */ = {isa = PBXBuildFile; fileRef = 8F9719A919D72287005ACDFE /* AppDelegate.swift */; };
		8F9719AC19D72287005ACDFE /* ViewController.swift in Sources */ = {isa = PBXBuildFile; fileRef = 8F9719AB19D72287005ACDFE /* ViewController.swift */; };
		8F9719AF19D72287005ACDFE /* Main.storyboard in Resources */ = {isa = PBXBuildFile; fileRef = 8F9719AD19D72287005ACDFE /* Main.storyboard */; };
		8F9719B119D72287005ACDFE /* Images.xcassets in Resources */ = {isa = PBXBuildFile; fileRef = 8F9719B019D72287005ACDFE /* Images.xcassets */; };
		8F9719C019D72287005ACDFE /* mobilerxTests.swift in Sources */ = {isa = PBXBuildFile; fileRef = 8F9719BF19D72287005ACDFE /* mobilerxTests.swift */; };
		8F9CFCC119D72A7F000E7F1B /* background.png in Resources */ = {isa = PBXBuildFile; fileRef = 8F9CFCBF19D72A7F000E7F1B /* background.png */; };
		8F9CFCC419D72C2C000E7F1B /* logo.png in Resources */ = {isa = PBXBuildFile; fileRef = 8F9CFCC319D72C2C000E7F1B /* logo.png */; };
		8F9CFCC619D72C6D000E7F1B /* LaunchScreen.xib in Resources */ = {isa = PBXBuildFile; fileRef = 8F9CFCC519D72C6D000E7F1B /* LaunchScreen.xib */; };
		8F9CFCC819D72DD7000E7F1B /* bluecover.png in Resources */ = {isa = PBXBuildFile; fileRef = 8F9CFCC719D72DD7000E7F1B /* bluecover.png */; };
		8FF0602B19D7761B00FFACD9 /* ApiManager.swift in Sources */ = {isa = PBXBuildFile; fileRef = 8FF0602819D7761B00FFACD9 /* ApiManager.swift */; };
		8FF0602C19D7761B00FFACD9 /* HTTP.swift in Sources */ = {isa = PBXBuildFile; fileRef = 8FF0602919D7761B00FFACD9 /* HTTP.swift */; };
		8FF0602D19D7761B00FFACD9 /* Objects.swift in Sources */ = {isa = PBXBuildFile; fileRef = 8FF0602A19D7761B00FFACD9 /* Objects.swift */; };
		8FF0602F19D77A9700FFACD9 /* PrescriptionController.swift in Sources */ = {isa = PBXBuildFile; fileRef = 8FF0602E19D77A9700FFACD9 /* PrescriptionController.swift */; };
		8FF0603119D782EA00FFACD9 /* selectAPharma.png in Resources */ = {isa = PBXBuildFile; fileRef = 8FF0603019D782EA00FFACD9 /* selectAPharma.png */; };
		8FF0603319D7852500FFACD9 /* ConfirmationController.swift in Sources */ = {isa = PBXBuildFile; fileRef = 8FF0603219D7852500FFACD9 /* ConfirmationController.swift */; };
		8FF0603519D7857400FFACD9 /* confirmation.png in Resources */ = {isa = PBXBuildFile; fileRef = 8FF0603419D7857400FFACD9 /* confirmation.png */; };
		8FF0603719D7866800FFACD9 /* Mission Gothic Thin.otf in Resources */ = {isa = PBXBuildFile; fileRef = 8FF0603619D7866800FFACD9 /* Mission Gothic Thin.otf */; };
		8FF0603A19D7994A00FFACD9 /* check.png in Resources */ = {isa = PBXBuildFile; fileRef = 8FF0603819D7994A00FFACD9 /* check.png */; };
		8FF0603B19D7994A00FFACD9 /* nocheck.png in Resources */ = {isa = PBXBuildFile; fileRef = 8FF0603919D7994A00FFACD9 /* nocheck.png */; };
		8FF0603D19D79B1800FFACD9 /* close.png in Resources */ = {isa = PBXBuildFile; fileRef = 8FF0603C19D79B1800FFACD9 /* close.png */; };
/* End PBXBuildFile section */

/* Begin PBXContainerItemProxy section */
		8F9719BA19D72287005ACDFE /* PBXContainerItemProxy */ = {
			isa = PBXContainerItemProxy;
			containerPortal = 8F97199C19D72287005ACDFE /* Project object */;
			proxyType = 1;
			remoteGlobalIDString = 8F9719A319D72287005ACDFE;
			remoteInfo = mobilerx;
		};
/* End PBXContainerItemProxy section */

/* Begin PBXFileReference section */
		2A7AA85E019748528490DA85 /* libPods-mobilerxTests.a */ = {isa = PBXFileReference; explicitFileType = archive.ar; includeInIndex = 0; path = "libPods-mobilerxTests.a"; sourceTree = BUILT_PRODUCTS_DIR; };
		8DECC8CE12C8490D82265DAE /* libPods-mobilerx.a */ = {isa = PBXFileReference; explicitFileType = archive.ar; includeInIndex = 0; path = "libPods-mobilerx.a"; sourceTree = BUILT_PRODUCTS_DIR; };
		8F27A08B19D75CDF0044DEDF /* cameraIcon.png */ = {isa = PBXFileReference; lastKnownFileType = image.png; path = cameraIcon.png; sourceTree = "<group>"; };
		8F4AEE1119D732E8009BB317 /* welcomeTo.png */ = {isa = PBXFileReference; lastKnownFileType = image.png; path = welcomeTo.png; sourceTree = "<group>"; };
		8F4AEE1319D7366A009BB317 /* getStarted.png */ = {isa = PBXFileReference; lastKnownFileType = image.png; path = getStarted.png; sourceTree = "<group>"; };
		8F4AEE1519D74238009BB317 /* ready.png */ = {isa = PBXFileReference; lastKnownFileType = image.png; path = ready.png; sourceTree = "<group>"; };
		8F4AEE1719D74A5E009BB317 /* CameraController.swift */ = {isa = PBXFileReference; fileEncoding = 4; lastKnownFileType = sourcecode.swift; path = CameraController.swift; sourceTree = "<group>"; };
		8F9719A419D72287005ACDFE /* mobilerx.app */ = {isa = PBXFileReference; explicitFileType = wrapper.application; includeInIndex = 0; path = mobilerx.app; sourceTree = BUILT_PRODUCTS_DIR; };
		8F9719A819D72287005ACDFE /* Info.plist */ = {isa = PBXFileReference; lastKnownFileType = text.plist.xml; path = Info.plist; sourceTree = "<group>"; };
		8F9719A919D72287005ACDFE /* AppDelegate.swift */ = {isa = PBXFileReference; lastKnownFileType = sourcecode.swift; path = AppDelegate.swift; sourceTree = "<group>"; };
		8F9719AB19D72287005ACDFE /* ViewController.swift */ = {isa = PBXFileReference; lastKnownFileType = sourcecode.swift; path = ViewController.swift; sourceTree = "<group>"; };
		8F9719AE19D72287005ACDFE /* Base */ = {isa = PBXFileReference; lastKnownFileType = file.storyboard; name = Base; path = Base.lproj/Main.storyboard; sourceTree = "<group>"; };
		8F9719B019D72287005ACDFE /* Images.xcassets */ = {isa = PBXFileReference; lastKnownFileType = folder.assetcatalog; path = Images.xcassets; sourceTree = "<group>"; };
		8F9719B919D72287005ACDFE /* mobilerxTests.xctest */ = {isa = PBXFileReference; explicitFileType = wrapper.cfbundle; includeInIndex = 0; path = mobilerxTests.xctest; sourceTree = BUILT_PRODUCTS_DIR; };
		8F9719BE19D72287005ACDFE /* Info.plist */ = {isa = PBXFileReference; lastKnownFileType = text.plist.xml; path = Info.plist; sourceTree = "<group>"; };
		8F9719BF19D72287005ACDFE /* mobilerxTests.swift */ = {isa = PBXFileReference; lastKnownFileType = sourcecode.swift; path = mobilerxTests.swift; sourceTree = "<group>"; };
		8F9719CA19D72316005ACDFE /* mobilerx-Bridging-Header.h */ = {isa = PBXFileReference; lastKnownFileType = sourcecode.c.h; path = "mobilerx-Bridging-Header.h"; sourceTree = "<group>"; };
		8F9CFCBF19D72A7F000E7F1B /* background.png */ = {isa = PBXFileReference; lastKnownFileType = image.png; path = background.png; sourceTree = "<group>"; };
		8F9CFCC319D72C2C000E7F1B /* logo.png */ = {isa = PBXFileReference; lastKnownFileType = image.png; path = logo.png; sourceTree = "<group>"; };
		8F9CFCC519D72C6D000E7F1B /* LaunchScreen.xib */ = {isa = PBXFileReference; fileEncoding = 4; lastKnownFileType = file.xib; path = LaunchScreen.xib; sourceTree = "<group>"; };
		8F9CFCC719D72DD7000E7F1B /* bluecover.png */ = {isa = PBXFileReference; lastKnownFileType = image.png; path = bluecover.png; sourceTree = "<group>"; };
		8FF0602819D7761B00FFACD9 /* ApiManager.swift */ = {isa = PBXFileReference; fileEncoding = 4; lastKnownFileType = sourcecode.swift; path = ApiManager.swift; sourceTree = "<group>"; };
		8FF0602919D7761B00FFACD9 /* HTTP.swift */ = {isa = PBXFileReference; fileEncoding = 4; lastKnownFileType = sourcecode.swift; path = HTTP.swift; sourceTree = "<group>"; };
		8FF0602A19D7761B00FFACD9 /* Objects.swift */ = {isa = PBXFileReference; fileEncoding = 4; lastKnownFileType = sourcecode.swift; path = Objects.swift; sourceTree = "<group>"; };
		8FF0602E19D77A9700FFACD9 /* PrescriptionController.swift */ = {isa = PBXFileReference; fileEncoding = 4; lastKnownFileType = sourcecode.swift; path = PrescriptionController.swift; sourceTree = "<group>"; };
		8FF0603019D782EA00FFACD9 /* selectAPharma.png */ = {isa = PBXFileReference; lastKnownFileType = image.png; path = selectAPharma.png; sourceTree = "<group>"; };
		8FF0603219D7852500FFACD9 /* ConfirmationController.swift */ = {isa = PBXFileReference; fileEncoding = 4; lastKnownFileType = sourcecode.swift; path = ConfirmationController.swift; sourceTree = "<group>"; };
		8FF0603419D7857400FFACD9 /* confirmation.png */ = {isa = PBXFileReference; lastKnownFileType = image.png; path = confirmation.png; sourceTree = "<group>"; };
		8FF0603619D7866800FFACD9 /* Mission Gothic Thin.otf */ = {isa = PBXFileReference; lastKnownFileType = file; path = "Mission Gothic Thin.otf"; sourceTree = "<group>"; };
		8FF0603819D7994A00FFACD9 /* check.png */ = {isa = PBXFileReference; lastKnownFileType = image.png; path = check.png; sourceTree = "<group>"; };
		8FF0603919D7994A00FFACD9 /* nocheck.png */ = {isa = PBXFileReference; lastKnownFileType = image.png; path = nocheck.png; sourceTree = "<group>"; };
		8FF0603C19D79B1800FFACD9 /* close.png */ = {isa = PBXFileReference; lastKnownFileType = image.png; path = close.png; sourceTree = "<group>"; };
		A959CBF2AA7E43D1B259ED5D /* Pods-mobilerxTests.xcconfig */ = {isa = PBXFileReference; includeInIndex = 1; lastKnownFileType = text.xcconfig; name = "Pods-mobilerxTests.xcconfig"; path = "Pods/Pods-mobilerxTests.xcconfig"; sourceTree = "<group>"; };
		AA8D087D555A4E278E18FA56 /* Pods-mobilerx.xcconfig */ = {isa = PBXFileReference; includeInIndex = 1; lastKnownFileType = text.xcconfig; name = "Pods-mobilerx.xcconfig"; path = "Pods/Pods-mobilerx.xcconfig"; sourceTree = "<group>"; };
/* End PBXFileReference section */

/* Begin PBXFrameworksBuildPhase section */
		8F9719A119D72287005ACDFE /* Frameworks */ = {
			isa = PBXFrameworksBuildPhase;
			buildActionMask = 2147483647;
			files = (
				1C674830B33748A283C237D5 /* libPods-mobilerx.a in Frameworks */,
			);
			runOnlyForDeploymentPostprocessing = 0;
		};
		8F9719B619D72287005ACDFE /* Frameworks */ = {
			isa = PBXFrameworksBuildPhase;
			buildActionMask = 2147483647;
			files = (
				290A5059A6B548069928B4E9 /* libPods-mobilerxTests.a in Frameworks */,
			);
			runOnlyForDeploymentPostprocessing = 0;
		};
/* End PBXFrameworksBuildPhase section */

/* Begin PBXGroup section */
		8F97199B19D72287005ACDFE = {
			isa = PBXGroup;
			children = (
				8F9719A619D72287005ACDFE /* mobilerx */,
				8F9719BC19D72287005ACDFE /* mobilerxTests */,
				8F9719A519D72287005ACDFE /* Products */,
				AA8D087D555A4E278E18FA56 /* Pods-mobilerx.xcconfig */,
				E60DF96C1BE04DBBA54FF1EF /* Frameworks */,
				A959CBF2AA7E43D1B259ED5D /* Pods-mobilerxTests.xcconfig */,
			);
			sourceTree = "<group>";
		};
		8F9719A519D72287005ACDFE /* Products */ = {
			isa = PBXGroup;
			children = (
				8F9719A419D72287005ACDFE /* mobilerx.app */,
				8F9719B919D72287005ACDFE /* mobilerxTests.xctest */,
			);
			name = Products;
			sourceTree = "<group>";
		};
		8F9719A619D72287005ACDFE /* mobilerx */ = {
			isa = PBXGroup;
			children = (
				8F9719A919D72287005ACDFE /* AppDelegate.swift */,
				8F9719AB19D72287005ACDFE /* ViewController.swift */,
				8F4AEE1719D74A5E009BB317 /* CameraController.swift */,
				8FF0602E19D77A9700FFACD9 /* PrescriptionController.swift */,
				8FF0603219D7852500FFACD9 /* ConfirmationController.swift */,
				8F9719AD19D72287005ACDFE /* Main.storyboard */,
				8FF0602819D7761B00FFACD9 /* ApiManager.swift */,
				8FF0602919D7761B00FFACD9 /* HTTP.swift */,
				8FF0602A19D7761B00FFACD9 /* Objects.swift */,
				8F9CFCC519D72C6D000E7F1B /* LaunchScreen.xib */,
				8F9719B019D72287005ACDFE /* Images.xcassets */,
				8F9CFCBE19D72A7F000E7F1B /* UI */,
				8F9719A719D72287005ACDFE /* Supporting Files */,
				8F9719CA19D72316005ACDFE /* mobilerx-Bridging-Header.h */,
			);
			path = mobilerx;
			sourceTree = "<group>";
		};
		8F9719A719D72287005ACDFE /* Supporting Files */ = {
			isa = PBXGroup;
			children = (
				8F9719A819D72287005ACDFE /* Info.plist */,
			);
			name = "Supporting Files";
			sourceTree = "<group>";
		};
		8F9719BC19D72287005ACDFE /* mobilerxTests */ = {
			isa = PBXGroup;
			children = (
				8F9719BF19D72287005ACDFE /* mobilerxTests.swift */,
				8F9719BD19D72287005ACDFE /* Supporting Files */,
			);
			path = mobilerxTests;
			sourceTree = "<group>";
		};
		8F9719BD19D72287005ACDFE /* Supporting Files */ = {
			isa = PBXGroup;
			children = (
				8F9719BE19D72287005ACDFE /* Info.plist */,
			);
			name = "Supporting Files";
			sourceTree = "<group>";
		};
		8F9CFCBE19D72A7F000E7F1B /* UI */ = {
			isa = PBXGroup;
			children = (
				8FF0603C19D79B1800FFACD9 /* close.png */,
				8FF0603419D7857400FFACD9 /* confirmation.png */,
				8F4AEE1519D74238009BB317 /* ready.png */,
				8F4AEE1319D7366A009BB317 /* getStarted.png */,
				8F9CFCC719D72DD7000E7F1B /* bluecover.png */,
				8F9CFCC319D72C2C000E7F1B /* logo.png */,
				8F9CFCBF19D72A7F000E7F1B /* background.png */,
				8F4AEE1119D732E8009BB317 /* welcomeTo.png */,
				8F27A08B19D75CDF0044DEDF /* cameraIcon.png */,
				8FF0603019D782EA00FFACD9 /* selectAPharma.png */,
				8FF0603619D7866800FFACD9 /* Mission Gothic Thin.otf */,
				8FF0603819D7994A00FFACD9 /* check.png */,
				8FF0603919D7994A00FFACD9 /* nocheck.png */,
			);
			path = UI;
			sourceTree = "<group>";
		};
		E60DF96C1BE04DBBA54FF1EF /* Frameworks */ = {
			isa = PBXGroup;
			children = (
				8DECC8CE12C8490D82265DAE /* libPods-mobilerx.a */,
				2A7AA85E019748528490DA85 /* libPods-mobilerxTests.a */,
			);
			name = Frameworks;
			sourceTree = "<group>";
		};
/* End PBXGroup section */

/* Begin PBXNativeTarget section */
		8F9719A319D72287005ACDFE /* mobilerx */ = {
			isa = PBXNativeTarget;
			buildConfigurationList = 8F9719C319D72287005ACDFE /* Build configuration list for PBXNativeTarget "mobilerx" */;
			buildPhases = (
				97C4A154801647B18942B2C8 /* Check Pods Manifest.lock */,
				8F9719A019D72287005ACDFE /* Sources */,
				8F9719A119D72287005ACDFE /* Frameworks */,
				8F9719A219D72287005ACDFE /* Resources */,
				30F1E96FD53043BCAAD0613E /* Copy Pods Resources */,
			);
			buildRules = (
			);
			dependencies = (
			);
			name = mobilerx;
			productName = mobilerx;
			productReference = 8F9719A419D72287005ACDFE /* mobilerx.app */;
			productType = "com.apple.product-type.application";
		};
		8F9719B819D72287005ACDFE /* mobilerxTests */ = {
			isa = PBXNativeTarget;
			buildConfigurationList = 8F9719C619D72287005ACDFE /* Build configuration list for PBXNativeTarget "mobilerxTests" */;
			buildPhases = (
				083496C2513F424E9F589105 /* Check Pods Manifest.lock */,
				8F9719B519D72287005ACDFE /* Sources */,
				8F9719B619D72287005ACDFE /* Frameworks */,
				8F9719B719D72287005ACDFE /* Resources */,
				2702442D99E147CB9C6E5379 /* Copy Pods Resources */,
			);
			buildRules = (
			);
			dependencies = (
				8F9719BB19D72287005ACDFE /* PBXTargetDependency */,
			);
			name = mobilerxTests;
			productName = mobilerxTests;
			productReference = 8F9719B919D72287005ACDFE /* mobilerxTests.xctest */;
			productType = "com.apple.product-type.bundle.unit-test";
		};
/* End PBXNativeTarget section */

/* Begin PBXProject section */
		8F97199C19D72287005ACDFE /* Project object */ = {
			isa = PBXProject;
			attributes = {
				LastUpgradeCheck = 0600;
				ORGANIZATIONNAME = "Landon Rohatensky";
				TargetAttributes = {
					8F9719A319D72287005ACDFE = {
						CreatedOnToolsVersion = 6.0.1;
						DevelopmentTeam = 6FSF2DC5JT;
					};
					8F9719B819D72287005ACDFE = {
						CreatedOnToolsVersion = 6.0.1;
						TestTargetID = 8F9719A319D72287005ACDFE;
					};
				};
			};
			buildConfigurationList = 8F97199F19D72287005ACDFE /* Build configuration list for PBXProject "mobilerx" */;
			compatibilityVersion = "Xcode 3.2";
			developmentRegion = English;
			hasScannedForEncodings = 0;
			knownRegions = (
				en,
				Base,
			);
			mainGroup = 8F97199B19D72287005ACDFE;
			productRefGroup = 8F9719A519D72287005ACDFE /* Products */;
			projectDirPath = "";
			projectRoot = "";
			targets = (
				8F9719A319D72287005ACDFE /* mobilerx */,
				8F9719B819D72287005ACDFE /* mobilerxTests */,
			);
		};
/* End PBXProject section */

/* Begin PBXResourcesBuildPhase section */
		8F9719A219D72287005ACDFE /* Resources */ = {
			isa = PBXResourcesBuildPhase;
			buildActionMask = 2147483647;
			files = (
				8FF0603519D7857400FFACD9 /* confirmation.png in Resources */,
				8F4AEE1419D7366A009BB317 /* getStarted.png in Resources */,
				8FF0603D19D79B1800FFACD9 /* close.png in Resources */,
				8FF0603A19D7994A00FFACD9 /* check.png in Resources */,
				8F4AEE1619D74238009BB317 /* ready.png in Resources */,
				8FF0603119D782EA00FFACD9 /* selectAPharma.png in Resources */,
				8F9CFCC619D72C6D000E7F1B /* LaunchScreen.xib in Resources */,
				8FF0603719D7866800FFACD9 /* Mission Gothic Thin.otf in Resources */,
				8F9CFCC819D72DD7000E7F1B /* bluecover.png in Resources */,
				8F4AEE1219D732E8009BB317 /* welcomeTo.png in Resources */,
				8F27A08C19D75CDF0044DEDF /* cameraIcon.png in Resources */,
				8F9CFCC419D72C2C000E7F1B /* logo.png in Resources */,
				8F9719AF19D72287005ACDFE /* Main.storyboard in Resources */,
				8F9CFCC119D72A7F000E7F1B /* background.png in Resources */,
				8FF0603B19D7994A00FFACD9 /* nocheck.png in Resources */,
				8F9719B119D72287005ACDFE /* Images.xcassets in Resources */,
			);
			runOnlyForDeploymentPostprocessing = 0;
		};
		8F9719B719D72287005ACDFE /* Resources */ = {
			isa = PBXResourcesBuildPhase;
			buildActionMask = 2147483647;
			files = (
			);
			runOnlyForDeploymentPostprocessing = 0;
		};
/* End PBXResourcesBuildPhase section */

/* Begin PBXShellScriptBuildPhase section */
		083496C2513F424E9F589105 /* Check Pods Manifest.lock */ = {
			isa = PBXShellScriptBuildPhase;
			buildActionMask = 2147483647;
			files = (
			);
			inputPaths = (
			);
			name = "Check Pods Manifest.lock";
			outputPaths = (
			);
			runOnlyForDeploymentPostprocessing = 0;
			shellPath = /bin/sh;
			shellScript = "diff \"${PODS_ROOT}/../Podfile.lock\" \"${PODS_ROOT}/Manifest.lock\" > /dev/null\nif [[ $? != 0 ]] ; then\n    cat << EOM\nerror: The sandbox is not in sync with the Podfile.lock. Run 'pod install' or update your CocoaPods installation.\nEOM\n    exit 1\nfi\n";
			showEnvVarsInLog = 0;
		};
		2702442D99E147CB9C6E5379 /* Copy Pods Resources */ = {
			isa = PBXShellScriptBuildPhase;
			buildActionMask = 2147483647;
			files = (
			);
			inputPaths = (
			);
			name = "Copy Pods Resources";
			outputPaths = (
			);
			runOnlyForDeploymentPostprocessing = 0;
			shellPath = /bin/sh;
			shellScript = "\"${SRCROOT}/Pods/Pods-mobilerxTests-resources.sh\"\n";
			showEnvVarsInLog = 0;
		};
		30F1E96FD53043BCAAD0613E /* Copy Pods Resources */ = {
			isa = PBXShellScriptBuildPhase;
			buildActionMask = 2147483647;
			files = (
			);
			inputPaths = (
			);
			name = "Copy Pods Resources";
			outputPaths = (
			);
			runOnlyForDeploymentPostprocessing = 0;
			shellPath = /bin/sh;
			shellScript = "\"${SRCROOT}/Pods/Pods-mobilerx-resources.sh\"\n";
			showEnvVarsInLog = 0;
		};
		97C4A154801647B18942B2C8 /* Check Pods Manifest.lock */ = {
			isa = PBXShellScriptBuildPhase;
			buildActionMask = 2147483647;
			files = (
			);
			inputPaths = (
			);
			name = "Check Pods Manifest.lock";
			outputPaths = (
			);
			runOnlyForDeploymentPostprocessing = 0;
			shellPath = /bin/sh;
			shellScript = "diff \"${PODS_ROOT}/../Podfile.lock\" \"${PODS_ROOT}/Manifest.lock\" > /dev/null\nif [[ $? != 0 ]] ; then\n    cat << EOM\nerror: The sandbox is not in sync with the Podfile.lock. Run 'pod install' or update your CocoaPods installation.\nEOM\n    exit 1\nfi\n";
			showEnvVarsInLog = 0;
		};
/* End PBXShellScriptBuildPhase section */

/* Begin PBXSourcesBuildPhase section */
		8F9719A019D72287005ACDFE /* Sources */ = {
			isa = PBXSourcesBuildPhase;
			buildActionMask = 2147483647;
			files = (
				8FF0602F19D77A9700FFACD9 /* PrescriptionController.swift in Sources */,
				8FF0602C19D7761B00FFACD9 /* HTTP.swift in Sources */,
				8FF0602B19D7761B00FFACD9 /* ApiManager.swift in Sources */,
				8F4AEE1819D74A5E009BB317 /* CameraController.swift in Sources */,
				8FF0603319D7852500FFACD9 /* ConfirmationController.swift in Sources */,
				8F9719AC19D72287005ACDFE /* ViewController.swift in Sources */,
				8FF0602D19D7761B00FFACD9 /* Objects.swift in Sources */,
				8F9719AA19D72287005ACDFE /* AppDelegate.swift in Sources */,
			);
			runOnlyForDeploymentPostprocessing = 0;
		};
		8F9719B519D72287005ACDFE /* Sources */ = {
			isa = PBXSourcesBuildPhase;
			buildActionMask = 2147483647;
			files = (
				8F9719C019D72287005ACDFE /* mobilerxTests.swift in Sources */,
			);
			runOnlyForDeploymentPostprocessing = 0;
		};
/* End PBXSourcesBuildPhase section */

/* Begin PBXTargetDependency section */
		8F9719BB19D72287005ACDFE /* PBXTargetDependency */ = {
			isa = PBXTargetDependency;
			target = 8F9719A319D72287005ACDFE /* mobilerx */;
			targetProxy = 8F9719BA19D72287005ACDFE /* PBXContainerItemProxy */;
		};
/* End PBXTargetDependency section */

/* Begin PBXVariantGroup section */
		8F9719AD19D72287005ACDFE /* Main.storyboard */ = {
			isa = PBXVariantGroup;
			children = (
				8F9719AE19D72287005ACDFE /* Base */,
			);
			name = Main.storyboard;
			sourceTree = "<group>";
		};
/* End PBXVariantGroup section */

/* Begin XCBuildConfiguration section */
		8F9719C119D72287005ACDFE /* Debug */ = {
			isa = XCBuildConfiguration;
			buildSettings = {
				ALWAYS_SEARCH_USER_PATHS = NO;
				CLANG_CXX_LANGUAGE_STANDARD = "gnu++0x";
				CLANG_CXX_LIBRARY = "libc++";
				CLANG_ENABLE_MODULES = YES;
				CLANG_ENABLE_OBJC_ARC = YES;
				CLANG_WARN_BOOL_CONVERSION = YES;
				CLANG_WARN_CONSTANT_CONVERSION = YES;
				CLANG_WARN_DIRECT_OBJC_ISA_USAGE = YES_ERROR;
				CLANG_WARN_EMPTY_BODY = YES;
				CLANG_WARN_ENUM_CONVERSION = YES;
				CLANG_WARN_INT_CONVERSION = YES;
				CLANG_WARN_OBJC_ROOT_CLASS = YES_ERROR;
				CLANG_WARN_UNREACHABLE_CODE = YES;
				CLANG_WARN__DUPLICATE_METHOD_MATCH = YES;
				"CODE_SIGN_IDENTITY[sdk=iphoneos*]" = "iPhone Developer";
				COPY_PHASE_STRIP = NO;
				ENABLE_STRICT_OBJC_MSGSEND = YES;
				GCC_C_LANGUAGE_STANDARD = gnu99;
				GCC_DYNAMIC_NO_PIC = NO;
				GCC_OPTIMIZATION_LEVEL = 0;
				GCC_PREPROCESSOR_DEFINITIONS = (
					"DEBUG=1",
					"$(inherited)",
				);
				GCC_SYMBOLS_PRIVATE_EXTERN = NO;
				GCC_WARN_64_TO_32_BIT_CONVERSION = YES;
				GCC_WARN_ABOUT_RETURN_TYPE = YES_ERROR;
				GCC_WARN_UNDECLARED_SELECTOR = YES;
				GCC_WARN_UNINITIALIZED_AUTOS = YES_AGGRESSIVE;
				GCC_WARN_UNUSED_FUNCTION = YES;
				GCC_WARN_UNUSED_VARIABLE = YES;
				IPHONEOS_DEPLOYMENT_TARGET = 8.0;
				MTL_ENABLE_DEBUG_INFO = YES;
				ONLY_ACTIVE_ARCH = YES;
				SDKROOT = iphoneos;
				SWIFT_OPTIMIZATION_LEVEL = "-Onone";
				TARGETED_DEVICE_FAMILY = "1,2";
			};
			name = Debug;
		};
		8F9719C219D72287005ACDFE /* Release */ = {
			isa = XCBuildConfiguration;
			buildSettings = {
				ALWAYS_SEARCH_USER_PATHS = NO;
				CLANG_CXX_LANGUAGE_STANDARD = "gnu++0x";
				CLANG_CXX_LIBRARY = "libc++";
				CLANG_ENABLE_MODULES = YES;
				CLANG_ENABLE_OBJC_ARC = YES;
				CLANG_WARN_BOOL_CONVERSION = YES;
				CLANG_WARN_CONSTANT_CONVERSION = YES;
				CLANG_WARN_DIRECT_OBJC_ISA_USAGE = YES_ERROR;
				CLANG_WARN_EMPTY_BODY = YES;
				CLANG_WARN_ENUM_CONVERSION = YES;
				CLANG_WARN_INT_CONVERSION = YES;
				CLANG_WARN_OBJC_ROOT_CLASS = YES_ERROR;
				CLANG_WARN_UNREACHABLE_CODE = YES;
				CLANG_WARN__DUPLICATE_METHOD_MATCH = YES;
				"CODE_SIGN_IDENTITY[sdk=iphoneos*]" = "iPhone Developer";
				COPY_PHASE_STRIP = YES;
				ENABLE_NS_ASSERTIONS = NO;
				ENABLE_STRICT_OBJC_MSGSEND = YES;
				GCC_C_LANGUAGE_STANDARD = gnu99;
				GCC_WARN_64_TO_32_BIT_CONVERSION = YES;
				GCC_WARN_ABOUT_RETURN_TYPE = YES_ERROR;
				GCC_WARN_UNDECLARED_SELECTOR = YES;
				GCC_WARN_UNINITIALIZED_AUTOS = YES_AGGRESSIVE;
				GCC_WARN_UNUSED_FUNCTION = YES;
				GCC_WARN_UNUSED_VARIABLE = YES;
				IPHONEOS_DEPLOYMENT_TARGET = 8.0;
				MTL_ENABLE_DEBUG_INFO = NO;
				SDKROOT = iphoneos;
				TARGETED_DEVICE_FAMILY = "1,2";
				VALIDATE_PRODUCT = YES;
			};
			name = Release;
		};
		8F9719C419D72287005ACDFE /* Debug */ = {
			isa = XCBuildConfiguration;
			baseConfigurationReference = AA8D087D555A4E278E18FA56 /* Pods-mobilerx.xcconfig */;
			buildSettings = {
				ASSETCATALOG_COMPILER_APPICON_NAME = AppIcon;
				CLANG_ENABLE_MODULES = YES;
				CODE_SIGN_IDENTITY = "iPhone Developer";
				"CODE_SIGN_IDENTITY[sdk=iphoneos*]" = "iPhone Developer";
				INFOPLIST_FILE = mobilerx/Info.plist;
				LD_RUNPATH_SEARCH_PATHS = "$(inherited) @executable_path/Frameworks";
				PRODUCT_NAME = "$(TARGET_NAME)";
				PROVISIONING_PROFILE = "";
				SWIFT_OBJC_BRIDGING_HEADER = "mobilerx/mobilerx-Bridging-Header.h";
				SWIFT_OPTIMIZATION_LEVEL = "-Onone";
			};
			name = Debug;
		};
		8F9719C519D72287005ACDFE /* Release */ = {
			isa = XCBuildConfiguration;
			baseConfigurationReference = AA8D087D555A4E278E18FA56 /* Pods-mobilerx.xcconfig */;
			buildSettings = {
				ASSETCATALOG_COMPILER_APPICON_NAME = AppIcon;
				CLANG_ENABLE_MODULES = YES;
				CODE_SIGN_IDENTITY = "iPhone Developer";
				"CODE_SIGN_IDENTITY[sdk=iphoneos*]" = "iPhone Developer";
				INFOPLIST_FILE = mobilerx/Info.plist;
				LD_RUNPATH_SEARCH_PATHS = "$(inherited) @executable_path/Frameworks";
				PRODUCT_NAME = "$(TARGET_NAME)";
				PROVISIONING_PROFILE = "";
				SWIFT_OBJC_BRIDGING_HEADER = "mobilerx/mobilerx-Bridging-Header.h";
			};
			name = Release;
		};
		8F9719C719D72287005ACDFE /* Debug */ = {
			isa = XCBuildConfiguration;
			baseConfigurationReference = A959CBF2AA7E43D1B259ED5D /* Pods-mobilerxTests.xcconfig */;
			buildSettings = {
				BUNDLE_LOADER = "$(TEST_HOST)";
				FRAMEWORK_SEARCH_PATHS = (
					"$(SDKROOT)/Developer/Library/Frameworks",
					"$(inherited)",
				);
				GCC_PREPROCESSOR_DEFINITIONS = (
					"DEBUG=1",
					"$(inherited)",
				);
				INFOPLIST_FILE = mobilerxTests/Info.plist;
				LD_RUNPATH_SEARCH_PATHS = "$(inherited) @executable_path/Frameworks @loader_path/Frameworks";
				PRODUCT_NAME = "$(TARGET_NAME)";
				TEST_HOST = "$(BUILT_PRODUCTS_DIR)/mobilerx.app/mobilerx";
			};
			name = Debug;
		};
		8F9719C819D72287005ACDFE /* Release */ = {
			isa = XCBuildConfiguration;
			baseConfigurationReference = A959CBF2AA7E43D1B259ED5D /* Pods-mobilerxTests.xcconfig */;
			buildSettings = {
				BUNDLE_LOADER = "$(TEST_HOST)";
				FRAMEWORK_SEARCH_PATHS = (
					"$(SDKROOT)/Developer/Library/Frameworks",
					"$(inherited)",
				);
				INFOPLIST_FILE = mobilerxTests/Info.plist;
				LD_RUNPATH_SEARCH_PATHS = "$(inherited) @executable_path/Frameworks @loader_path/Frameworks";
				PRODUCT_NAME = "$(TARGET_NAME)";
				TEST_HOST = "$(BUILT_PRODUCTS_DIR)/mobilerx.app/mobilerx";
			};
			name = Release;
		};
/* End XCBuildConfiguration section */

/* Begin XCConfigurationList section */
		8F97199F19D72287005ACDFE /* Build configuration list for PBXProject "mobilerx" */ = {
			isa = XCConfigurationList;
			buildConfigurations = (
				8F9719C119D72287005ACDFE /* Debug */,
				8F9719C219D72287005ACDFE /* Release */,
			);
			defaultConfigurationIsVisible = 0;
			defaultConfigurationName = Release;
		};
		8F9719C319D72287005ACDFE /* Build configuration list for PBXNativeTarget "mobilerx" */ = {
			isa = XCConfigurationList;
			buildConfigurations = (
				8F9719C419D72287005ACDFE /* Debug */,
				8F9719C519D72287005ACDFE /* Release */,
			);
			defaultConfigurationIsVisible = 0;
			defaultConfigurationName = Release;
		};
		8F9719C619D72287005ACDFE /* Build configuration list for PBXNativeTarget "mobilerxTests" */ = {
			isa = XCConfigurationList;
			buildConfigurations = (
				8F9719C719D72287005ACDFE /* Debug */,
				8F9719C819D72287005ACDFE /* Release */,
			);
			defaultConfigurationIsVisible = 0;
			defaultConfigurationName = Release;
		};
/* End XCConfigurationList section */
	};
	rootObject = 8F97199C19D72287005ACDFE /* Project object */;
}
